
Microsoft Visual Studio Solution File, Format Version 12.00
# Visual Studio Version 16
VisualStudioVersion = 16.0.32106.194
MinimumVisualStudioVersion = 10.0.40219.1
Project("{FAE04EC0-301F-11D3-BF4B-00C04F79EFBC}") = "AuthenticationAuthorization", "AuthenticationAuthorization\AuthenticationAuthorization.csproj", "{94226C42-1BEF-4BFA-ACC0-9D53E0D5CD8A}"
EndProject
Global
	GlobalSection(SolutionConfigurationPlatforms) = preSolution
		Debug|Any CPU = Debug|Any CPU
		Release|Any CPU = Release|Any CPU
	EndGlobalSection
	GlobalSection(ProjectConfigurationPlatforms) = postSolution
		{94226C42-1BEF-4BFA-ACC0-9D53E0D5CD8A}.Debug|Any CPU.ActiveCfg = Debug|Any CPU
		{94226C42-1BEF-4BFA-ACC0-9D53E0D5CD8A}.Debug|Any CPU.Build.0 = Debug|Any CPU
		{94226C42-1BEF-4BFA-ACC0-9D53E0D5CD8A}.Release|Any CPU.ActiveCfg = Release|Any CPU
		{94226C42-1BEF-4BFA-ACC0-9D53E0D5CD8A}.Release|Any CPU.Build.0 = Release|Any CPU
	EndGlobalSection
	GlobalSection(SolutionProperties) = preSolution
		HideSolutionNode = FALSE
	EndGlobalSection
	GlobalSection(ExtensibilityGlobals) = postSolution
		SolutionGuid = {D4A6B198-846B-43CF-8D43-74A714067528}
	EndGlobalSection
EndGlobal
